// !$*UTF8*$!
{
	archiveVersion = 1;
	classes = {
	};
	objectVersion = 77;
	objects = {

/* Begin PBXBuildFile section */
		5D95D5882EEAB4B70070366D /* TunerConfig.swift in Sources */ = {isa = PBXBuildFile; fileRef = 5D95D5872EEAB4B70070366D /* TunerConfig.swift */; };
		5D9A21572D9568BA000F0EC2 /* SonanceApp.swift in Sources */ = {isa = PBXBuildFile; fileRef = 5D9A21562D9568BA000F0EC2 /* SonanceApp.swift */; };
		5D9A215B2D9568BB000F0EC2 /* Assets.xcassets in Resources */ = {isa = PBXBuildFile; fileRef = 5D9A215A2D9568BB000F0EC2 /* Assets.xcassets */; };
		5D9A215E2D9568BB000F0EC2 /* Preview Assets.xcassets in Resources */ = {isa = PBXBuildFile; fileRef = 5D9A215D2D9568BB000F0EC2 /* Preview Assets.xcassets */; };
		5D9A21672D956A80000F0EC2 /* BVAudioAnalyzer.swift in Sources */ = {isa = PBXBuildFile; fileRef = 5D9A21662D956A60000F0EC2 /* BVAudioAnalyzer.swift */; };
		5D9A216A2D956B11000F0EC2 /* TunerView.swift in Sources */ = {isa = PBXBuildFile; fileRef = 5D9A21692D956B11000F0EC2 /* TunerView.swift */; };
		5D9A21822D95B2C5000F0EC2 /* BVCustomTunerNeedleView.swift in Sources */ = {isa = PBXBuildFile; fileRef = 5D9A21812D95B2C5000F0EC2 /* BVCustomTunerNeedleView.swift */; };
		5D9A21842D96B428000F0EC2 /* ArcShape.swift in Sources */ = {isa = PBXBuildFile; fileRef = 5D9A21832D96B428000F0EC2 /* ArcShape.swift */; };
		5DF1A0012F00000100000001 /* PrivacyInfo.xcprivacy in Resources */ = {isa = PBXBuildFile; fileRef = 5DF1A0002F00000100000001 /* PrivacyInfo.xcprivacy */; };
		5DF1A0032F00000200000002 /* LaunchScreen.storyboard in Resources */ = {isa = PBXBuildFile; fileRef = 5DF1A0022F00000200000002 /* LaunchScreen.storyboard */; };
		5DF1A0052F00000300000003 /* LaunchScreenView.swift in Sources */ = {isa = PBXBuildFile; fileRef = 5DF1A0042F00000300000003 /* LaunchScreenView.swift */; };
		5DF1A0072F00000400000004 /* RootView.swift in Sources */ = {isa = PBXBuildFile; fileRef = 5DF1A0062F00000400000004 /* RootView.swift */; };
		5DF1A0092F00000500000005 /* TuningPresentation.swift in Sources */ = {isa = PBXBuildFile; fileRef = 5DF1A0082F00000500000005 /* TuningPresentation.swift */; };
		5DF1A00B2F00000600000006 /* TunerView+Presentation.swift in Sources */ = {isa = PBXBuildFile; fileRef = 5DF1A00A2F00000600000006 /* TunerView+Presentation.swift */; };
		5DF1A00D2F00000700000007 /* TunerView+Subviews.swift in Sources */ = {isa = PBXBuildFile; fileRef = 5DF1A00C2F00000700000007 /* TunerView+Subviews.swift */; };
		5DF1A00F2F00000800000008 /* TunerLayout.swift in Sources */ = {isa = PBXBuildFile; fileRef = 5DF1A00E2F00000800000008 /* TunerLayout.swift */; };
/* End PBXBuildFile section */

/* Begin PBXFileReference section */
		5D95D5872EEAB4B70070366D /* TunerConfig.swift */ = {isa = PBXFileReference; lastKnownFileType = sourcecode.swift; path = TunerConfig.swift; sourceTree = "<group>"; };
		5D9A21532D9568BA000F0EC2 /* Sonance.app */ = {isa = PBXFileReference; explicitFileType = wrapper.application; includeInIndex = 0; path = Sonance.app; sourceTree = BUILT_PRODUCTS_DIR; };
		5D9A21562D9568BA000F0EC2 /* SonanceApp.swift */ = {isa = PBXFileReference; lastKnownFileType = sourcecode.swift; path = SonanceApp.swift; sourceTree = "<group>"; };
		5D9A215A2D9568BB000F0EC2 /* Assets.xcassets */ = {isa = PBXFileReference; lastKnownFileType = folder.assetcatalog; path = Assets.xcassets; sourceTree = "<group>"; };
		5D9A215D2D9568BB000F0EC2 /* Preview Assets.xcassets */ = {isa = PBXFileReference; lastKnownFileType = folder.assetcatalog; path = "Preview Assets.xcassets"; sourceTree = "<group>"; };
		5D9A21662D956A60000F0EC2 /* BVAudioAnalyzer.swift */ = {isa = PBXFileReference; lastKnownFileType = sourcecode.swift; path = BVAudioAnalyzer.swift; sourceTree = "<group>"; };
		5D9A21692D956B11000F0EC2 /* TunerView.swift */ = {isa = PBXFileReference; lastKnownFileType = sourcecode.swift; path = TunerView.swift; sourceTree = "<group>"; };
		5D9A21812D95B2C5000F0EC2 /* BVCustomTunerNeedleView.swift */ = {isa = PBXFileReference; lastKnownFileType = sourcecode.swift; path = BVCustomTunerNeedleView.swift; sourceTree = "<group>"; };
		5D9A21832D96B428000F0EC2 /* ArcShape.swift */ = {isa = PBXFileReference; lastKnownFileType = sourcecode.swift; path = ArcShape.swift; sourceTree = "<group>"; };
		5DF1A0002F00000100000001 /* PrivacyInfo.xcprivacy */ = {isa = PBXFileReference; lastKnownFileType = text.xml; path = PrivacyInfo.xcprivacy; sourceTree = "<group>"; };
		5DF1A0022F00000200000002 /* LaunchScreen.storyboard */ = {isa = PBXFileReference; lastKnownFileType = file.storyboard; path = LaunchScreen.storyboard; sourceTree = "<group>"; };
		5DF1A0042F00000300000003 /* LaunchScreenView.swift */ = {isa = PBXFileReference; lastKnownFileType = sourcecode.swift; path = LaunchScreenView.swift; sourceTree = "<group>"; };
		5DF1A0062F00000400000004 /* RootView.swift */ = {isa = PBXFileReference; lastKnownFileType = sourcecode.swift; path = RootView.swift; sourceTree = "<group>"; };
		5DF1A0082F00000500000005 /* TuningPresentation.swift */ = {isa = PBXFileReference; lastKnownFileType = sourcecode.swift; path = TuningPresentation.swift; sourceTree = "<group>"; };
		5DF1A00A2F00000600000006 /* TunerView+Presentation.swift */ = {isa = PBXFileReference; lastKnownFileType = sourcecode.swift; path = "TunerView+Presentation.swift"; sourceTree = "<group>"; };
		5DF1A00C2F00000700000007 /* TunerView+Subviews.swift */ = {isa = PBXFileReference; lastKnownFileType = sourcecode.swift; path = "TunerView+Subviews.swift"; sourceTree = "<group>"; };
		5DF1A00E2F00000800000008 /* TunerLayout.swift */ = {isa = PBXFileReference; lastKnownFileType = sourcecode.swift; path = TunerLayout.swift; sourceTree = "<group>"; };
/* End PBXFileReference section */

/* Begin PBXFrameworksBuildPhase section */
		5D9A21502D9568BA000F0EC2 /* Frameworks */ = {
			isa = PBXFrameworksBuildPhase;
			buildActionMask = 2147483647;
			files = (
			);
			runOnlyForDeploymentPostprocessing = 0;
		};
/* End PBXFrameworksBuildPhase section */

/* Begin PBXGroup section */
		5D9A214A2D9568BA000F0EC2 = {
			isa = PBXGroup;
			children = (
				5D9A21642D9568CE000F0EC2 /* Sonance */,
				5D9A21542D9568BA000F0EC2 /* Products */,
			);
			sourceTree = "<group>";
		};
		5D9A21542D9568BA000F0EC2 /* Products */ = {
			isa = PBXGroup;
			children = (
				5D9A21532D9568BA000F0EC2 /* Sonance.app */,
			);
			name = Products;
			sourceTree = "<group>";
		};
		5D9A21642D9568CE000F0EC2 /* Sonance */ = {
			isa = PBXGroup;
			children = (
				5D9A21652D956A53000F0EC2 /* Utils */,
				5D9A21562D9568BA000F0EC2 /* SonanceApp.swift */,
				5DF1A0022F00000200000002 /* LaunchScreen.storyboard */,
				5D9A21682D956AF3000F0EC2 /* Views */,
				5D9A215A2D9568BB000F0EC2 /* Assets.xcassets */,
				5D9A215D2D9568BB000F0EC2 /* Preview Assets.xcassets */,
				5DF1A0002F00000100000001 /* PrivacyInfo.xcprivacy */,
			);
			path = Sonance;
			sourceTree = "<group>";
		};
		5D9A21652D956A53000F0EC2 /* Utils */ = {
			isa = PBXGroup;
			children = (
				5D95D5872EEAB4B70070366D /* TunerConfig.swift */,
				5D9A21662D956A60000F0EC2 /* BVAudioAnalyzer.swift */,
			);
			path = Utils;
			sourceTree = "<group>";
		};
		5D9A21682D956AF3000F0EC2 /* Views */ = {
			isa = PBXGroup;
			children = (
				5DF1A0062F00000400000004 /* RootView.swift */,
				5DF1A0042F00000300000003 /* LaunchScreenView.swift */,
				5D9A21692D956B11000F0EC2 /* TunerView.swift */,
				5DF1A00A2F00000600000006 /* TunerView+Presentation.swift */,
				5DF1A00C2F00000700000007 /* TunerView+Subviews.swift */,
				5DF1A0082F00000500000005 /* TuningPresentation.swift */,
				5DF1A00E2F00000800000008 /* TunerLayout.swift */,
				5D9A21832D96B428000F0EC2 /* ArcShape.swift */,
				5D9A21812D95B2C5000F0EC2 /* BVCustomTunerNeedleView.swift */,
			);
			path = Views;
			sourceTree = "<group>";
		};
/* End PBXGroup section */

/* Begin PBXNativeTarget section */
		5D9A21522D9568BA000F0EC2 /* Sonance */ = {
			isa = PBXNativeTarget;
			buildConfigurationList = 5D9A21612D9568BB000F0EC2 /* Build configuration list for PBXNativeTarget "Sonance" */;
			buildPhases = (
				5D9A214F2D9568BA000F0EC2 /* Sources */,
				5D9A21502D9568BA000F0EC2 /* Frameworks */,
				5D9A21512D9568BA000F0EC2 /* Resources */,
			);
			buildRules = (
			);
			dependencies = (
			);
			name = Sonance;
			packageProductDependencies = (
			);
			productName = Sonance;
			productReference = 5D9A21532D9568BA000F0EC2 /* Sonance.app */;
			productType = "com.apple.product-type.application";
		};
/* End PBXNativeTarget section */

/* Begin PBXProject section */
		5D9A214B2D9568BA000F0EC2 /* Project object */ = {
			isa = PBXProject;
			attributes = {
				BuildIndependentTargetsInParallel = 1;
				LastSwiftUpdateCheck = 1620;
				LastUpgradeCheck = 2640;
				TargetAttributes = {
					5D9A21522D9568BA000F0EC2 = {
						CreatedOnToolsVersion = 16.2;
					};
				};
			};
			buildConfigurationList = 5D9A214E2D9568BA000F0EC2 /* Build configuration list for PBXProject "Sonance" */;
			developmentRegion = en;
			hasScannedForEncodings = 0;
			knownRegions = (
				en,
				Base,
			);
			mainGroup = 5D9A214A2D9568BA000F0EC2;
			minimizedProjectReferenceProxies = 1;
			preferredProjectObjectVersion = 77;
			productRefGroup = 5D9A21542D9568BA000F0EC2 /* Products */;
			projectDirPath = "";
			projectRoot = "";
			targets = (
				5D9A21522D9568BA000F0EC2 /* Sonance */,
			);
		};
/* End PBXProject section */

/* Begin PBXResourcesBuildPhase section */
		5D9A21512D9568BA000F0EC2 /* Resources */ = {
			isa = PBXResourcesBuildPhase;
			buildActionMask = 2147483647;
			files = (
				5D9A215E2D9568BB000F0EC2 /* Preview Assets.xcassets in Resources */,
				5D9A215B2D9568BB000F0EC2 /* Assets.xcassets in Resources */,
				5DF1A0012F00000100000001 /* PrivacyInfo.xcprivacy in Resources */,
				5DF1A0032F00000200000002 /* LaunchScreen.storyboard in Resources */,
			);
			runOnlyForDeploymentPostprocessing = 0;
		};
/* End PBXResourcesBuildPhase section */

/* Begin PBXSourcesBuildPhase section */
		5D9A214F2D9568BA000F0EC2 /* Sources */ = {
			isa = PBXSourcesBuildPhase;
			buildActionMask = 2147483647;
			files = (
				5D95D5882EEAB4B70070366D /* TunerConfig.swift in Sources */,
				5D9A21672D956A80000F0EC2 /* BVAudioAnalyzer.swift in Sources */,
				5D9A21842D96B428000F0EC2 /* ArcShape.swift in Sources */,
				5D9A21572D9568BA000F0EC2 /* SonanceApp.swift in Sources */,
				5D9A21822D95B2C5000F0EC2 /* BVCustomTunerNeedleView.swift in Sources */,
				5D9A216A2D956B11000F0EC2 /* TunerView.swift in Sources */,
				5DF1A0052F00000300000003 /* LaunchScreenView.swift in Sources */,
				5DF1A0072F00000400000004 /* RootView.swift in Sources */,
				5DF1A0092F00000500000005 /* TuningPresentation.swift in Sources */,
				5DF1A00B2F00000600000006 /* TunerView+Presentation.swift in Sources */,
				5DF1A00D2F00000700000007 /* TunerView+Subviews.swift in Sources */,
				5DF1A00F2F00000800000008 /* TunerLayout.swift in Sources */,
			);
			runOnlyForDeploymentPostprocessing = 0;
		};
/* End PBXSourcesBuildPhase section */

/* Begin XCBuildConfiguration section */
		5D9A215F2D9568BB000F0EC2 /* Debug */ = {
			isa = XCBuildConfiguration;
			buildSettings = {
				ALWAYS_SEARCH_USER_PATHS = NO;
				ASSETCATALOG_COMPILER_GENERATE_SWIFT_ASSET_SYMBOL_EXTENSIONS = YES;
				CLANG_ANALYZER_NONNULL = YES;
				CLANG_ANALYZER_NUMBER_OBJECT_CONVERSION = YES_AGGRESSIVE;
				CLANG_CXX_LANGUAGE_STANDARD = "gnu++20";
				CLANG_ENABLE_MODULES = YES;
				CLANG_ENABLE_OBJC_ARC = YES;
				CLANG_ENABLE_OBJC_WEAK = YES;
				CLANG_WARN_BLOCK_CAPTURE_AUTORELEASING = YES;
				CLANG_WARN_BOOL_CONVERSION = YES;
				CLANG_WARN_COMMA = YES;
				CLANG_WARN_CONSTANT_CONVERSION = YES;
				CLANG_WARN_DEPRECATED_OBJC_IMPLEMENTATIONS = YES;
				CLANG_WARN_DIRECT_OBJC_ISA_USAGE = YES_ERROR;
				CLANG_WARN_DOCUMENTATION_COMMENTS = YES;
				CLANG_WARN_EMPTY_BODY = YES;
				CLANG_WARN_ENUM_CONVERSION = YES;
				CLANG_WARN_INFINITE_RECURSION = YES;
				CLANG_WARN_INT_CONVERSION = YES;
				CLANG_WARN_NON_LITERAL_NULL_CONVERSION = YES;
				CLANG_WARN_OBJC_IMPLICIT_RETAIN_SELF = YES;
				CLANG_WARN_OBJC_LITERAL_CONVERSION = YES;
				CLANG_WARN_OBJC_ROOT_CLASS = YES_ERROR;
				CLANG_WARN_QUOTED_INCLUDE_IN_FRAMEWORK_HEADER = YES;
				CLANG_WARN_RANGE_LOOP_ANALYSIS = YES;
				CLANG_WARN_STRICT_PROTOTYPES = YES;
				CLANG_WARN_SUSPICIOUS_MOVE = YES;
				CLANG_WARN_UNGUARDED_AVAILABILITY = YES_AGGRESSIVE;
				CLANG_WARN_UNREACHABLE_CODE = YES;
				CLANG_WARN__DUPLICATE_METHOD_MATCH = YES;
				COPY_PHASE_STRIP = NO;
				DEBUG_INFORMATION_FORMAT = dwarf;
				DEVELOPMENT_TEAM = GLDH2T9TP5;
				ENABLE_STRICT_OBJC_MSGSEND = YES;
				ENABLE_TESTABILITY = YES;
				ENABLE_USER_SCRIPT_SANDBOXING = YES;
				GCC_C_LANGUAGE_STANDARD = gnu17;
				GCC_DYNAMIC_NO_PIC = NO;
				GCC_NO_COMMON_BLOCKS = YES;
				GCC_OPTIMIZATION_LEVEL = 0;
				GCC_PREPROCESSOR_DEFINITIONS = (
					"DEBUG=1",
					"$(inherited)",
				);
				GCC_WARN_64_TO_32_BIT_CONVERSION = YES;
				GCC_WARN_ABOUT_RETURN_TYPE = YES_ERROR;
				GCC_WARN_UNDECLARED_SELECTOR = YES;
				GCC_WARN_UNINITIALIZED_AUTOS = YES_AGGRESSIVE;
				GCC_WARN_UNUSED_FUNCTION = YES;
				GCC_WARN_UNUSED_VARIABLE = YES;
				IPHONEOS_DEPLOYMENT_TARGET = 17.0;
				LOCALIZATION_PREFERS_STRING_CATALOGS = YES;
				MTL_ENABLE_DEBUG_INFO = INCLUDE_SOURCE;
				MTL_FAST_MATH = YES;
				ONLY_ACTIVE_ARCH = YES;
				SDKROOT = iphoneos;
				STRING_CATALOG_GENERATE_SYMBOLS = YES;
				SWIFT_ACTIVE_COMPILATION_CONDITIONS = "DEBUG $(inherited)";
				SWIFT_OPTIMIZATION_LEVEL = "-Onone";
			};
			name = Debug;
		};
		5D9A21602D9568BB000F0EC2 /* Release */ = {
			isa = XCBuildConfiguration;
			buildSettings = {
				ALWAYS_SEARCH_USER_PATHS = NO;
				ASSETCATALOG_COMPILER_GENERATE_SWIFT_ASSET_SYMBOL_EXTENSIONS = YES;
				CLANG_ANALYZER_NONNULL = YES;
				CLANG_ANALYZER_NUMBER_OBJECT_CONVERSION = YES_AGGRESSIVE;
				CLANG_CXX_LANGUAGE_STANDARD = "gnu++20";
				CLANG_ENABLE_MODULES = YES;
				CLANG_ENABLE_OBJC_ARC = YES;
				CLANG_ENABLE_OBJC_WEAK = YES;
				CLANG_WARN_BLOCK_CAPTURE_AUTORELEASING = YES;
				CLANG_WARN_BOOL_CONVERSION = YES;
				CLANG_WARN_COMMA = YES;
				CLANG_WARN_CONSTANT_CONVERSION = YES;
				CLANG_WARN_DEPRECATED_OBJC_IMPLEMENTATIONS = YES;
				CLANG_WARN_DIRECT_OBJC_ISA_USAGE = YES_ERROR;
				CLANG_WARN_DOCUMENTATION_COMMENTS = YES;
				CLANG_WARN_EMPTY_BODY = YES;
				CLANG_WARN_ENUM_CONVERSION = YES;
				CLANG_WARN_INFINITE_RECURSION = YES;
				CLANG_WARN_INT_CONVERSION = YES;
				CLANG_WARN_NON_LITERAL_NULL_CONVERSION = YES;
				CLANG_WARN_OBJC_IMPLICIT_RETAIN_SELF = YES;
				CLANG_WARN_OBJC_LITERAL_CONVERSION = YES;
				CLANG_WARN_OBJC_ROOT_CLASS = YES_ERROR;
				CLANG_WARN_QUOTED_INCLUDE_IN_FRAMEWORK_HEADER = YES;
				CLANG_WARN_RANGE_LOOP_ANALYSIS = YES;
				CLANG_WARN_STRICT_PROTOTYPES = YES;
				CLANG_WARN_SUSPICIOUS_MOVE = YES;
				CLANG_WARN_UNGUARDED_AVAILABILITY = YES_AGGRESSIVE;
				CLANG_WARN_UNREACHABLE_CODE = YES;
				CLANG_WARN__DUPLICATE_METHOD_MATCH = YES;
				COPY_PHASE_STRIP = NO;
				DEBUG_INFORMATION_FORMAT = "dwarf-with-dsym";
				DEVELOPMENT_TEAM = GLDH2T9TP5;
				ENABLE_NS_ASSERTIONS = NO;
				ENABLE_STRICT_OBJC_MSGSEND = YES;
				ENABLE_USER_SCRIPT_SANDBOXING = YES;
				GCC_C_LANGUAGE_STANDARD = gnu17;
				GCC_NO_COMMON_BLOCKS = YES;
				GCC_WARN_64_TO_32_BIT_CONVERSION = YES;
				GCC_WARN_ABOUT_RETURN_TYPE = YES_ERROR;
				GCC_WARN_UNDECLARED_SELECTOR = YES;
				GCC_WARN_UNINITIALIZED_AUTOS = YES_AGGRESSIVE;
				GCC_WARN_UNUSED_FUNCTION = YES;
				GCC_WARN_UNUSED_VARIABLE = YES;
				IPHONEOS_DEPLOYMENT_TARGET = 17.0;
				LOCALIZATION_PREFERS_STRING_CATALOGS = YES;
				MTL_ENABLE_DEBUG_INFO = NO;
				MTL_FAST_MATH = YES;
				SDKROOT = iphoneos;
				STRING_CATALOG_GENERATE_SYMBOLS = YES;
				SWIFT_COMPILATION_MODE = wholemodule;
				VALIDATE_PRODUCT = YES;
			};
			name = Release;
		};
		5D9A21622D9568BB000F0EC2 /* Debug */ = {
			isa = XCBuildConfiguration;
			buildSettings = {
				ASSETCATALOG_COMPILER_APPICON_NAME = AppIcon;
				ASSETCATALOG_COMPILER_GLOBAL_ACCENT_COLOR_NAME = AccentColor;
				CODE_SIGN_STYLE = Automatic;
				CURRENT_PROJECT_VERSION = 1;
				DEVELOPMENT_ASSET_PATHS = "\"Sonance\"";
				ENABLE_PREVIEWS = YES;
				GENERATE_INFOPLIST_FILE = YES;
				INFOPLIST_KEY_CFBundleDisplayName = Sonance;
				INFOPLIST_KEY_ITSAppUsesNonExemptEncryption = NO;
				INFOPLIST_KEY_NSMicrophoneUsageDescription = "Sonance uses the microphone to listen to your instrument and detect pitch for tuning. Audio is processed on your device and is not recorded or sent anywhere.";
				INFOPLIST_KEY_UIApplicationSceneManifest_Generation = YES;
				INFOPLIST_KEY_UIApplicationSupportsIndirectInputEvents = YES;
				INFOPLIST_KEY_UILaunchStoryboardName = LaunchScreen;
				INFOPLIST_KEY_UIRequiresFullScreen = YES;
				INFOPLIST_KEY_UISupportedInterfaceOrientations_iPad = UIInterfaceOrientationPortrait;
				INFOPLIST_KEY_UISupportedInterfaceOrientations_iPhone = UIInterfaceOrientationPortrait;
				LD_RUNPATH_SEARCH_PATHS = (
					"$(inherited)",
					"@executable_path/Frameworks",
				);
				MARKETING_VERSION = 1.0;
				PRODUCT_BUNDLE_IDENTIFIER = com.ImagineBowl.Sonance;
				PRODUCT_NAME = "$(TARGET_NAME)";
				SWIFT_EMIT_LOC_STRINGS = YES;
				SWIFT_VERSION = 5.0;
				TARGETED_DEVICE_FAMILY = "1,2";
			};
			name = Debug;
		};
		5D9A21632D9568BB000F0EC2 /* Release */ = {
			isa = XCBuildConfiguration;
			buildSettings = {
				ASSETCATALOG_COMPILER_APPICON_NAME = AppIcon;
				ASSETCATALOG_COMPILER_GLOBAL_ACCENT_COLOR_NAME = AccentColor;
				CODE_SIGN_STYLE = Automatic;
				CURRENT_PROJECT_VERSION = 1;
				DEVELOPMENT_ASSET_PATHS = "\"Sonance\"";
				ENABLE_PREVIEWS = YES;
				GENERATE_INFOPLIST_FILE = YES;
				INFOPLIST_KEY_CFBundleDisplayName = Sonance;
				INFOPLIST_KEY_ITSAppUsesNonExemptEncryption = NO;
				INFOPLIST_KEY_NSMicrophoneUsageDescription = "Sonance uses the microphone to listen to your instrument and detect pitch for tuning. Audio is processed on your device and is not recorded or sent anywhere.";
				INFOPLIST_KEY_UIApplicationSceneManifest_Generation = YES;
				INFOPLIST_KEY_UIApplicationSupportsIndirectInputEvents = YES;
				INFOPLIST_KEY_UILaunchStoryboardName = LaunchScreen;
				INFOPLIST_KEY_UIRequiresFullScreen = YES;
				INFOPLIST_KEY_UISupportedInterfaceOrientations_iPad = UIInterfaceOrientationPortrait;
				INFOPLIST_KEY_UISupportedInterfaceOrientations_iPhone = UIInterfaceOrientationPortrait;
				LD_RUNPATH_SEARCH_PATHS = (
					"$(inherited)",
					"@executable_path/Frameworks",
				);
				MARKETING_VERSION = 1.0;
				PRODUCT_BUNDLE_IDENTIFIER = com.ImagineBowl.Sonance;
				PRODUCT_NAME = "$(TARGET_NAME)";
				SWIFT_EMIT_LOC_STRINGS = YES;
				SWIFT_VERSION = 5.0;
				TARGETED_DEVICE_FAMILY = "1,2";
			};
			name = Release;
		};
/* End XCBuildConfiguration section */

/* Begin XCConfigurationList section */
		5D9A214E2D9568BA000F0EC2 /* Build configuration list for PBXProject "Sonance" */ = {
			isa = XCConfigurationList;
			buildConfigurations = (
				5D9A215F2D9568BB000F0EC2 /* Debug */,
				5D9A21602D9568BB000F0EC2 /* Release */,
			);
			defaultConfigurationIsVisible = 0;
			defaultConfigurationName = Release;
		};
		5D9A21612D9568BB000F0EC2 /* Build configuration list for PBXNativeTarget "Sonance" */ = {
			isa = XCConfigurationList;
			buildConfigurations = (
				5D9A21622D9568BB000F0EC2 /* Debug */,
				5D9A21632D9568BB000F0EC2 /* Release */,
			);
			defaultConfigurationIsVisible = 0;
			defaultConfigurationName = Release;
		};
/* End XCConfigurationList section */
	};
	rootObject = 5D9A214B2D9568BA000F0EC2 /* Project object */;
}
